{
  "version": 4,
  "terraform_version": "1.9.5",
  "serial": 145,
  "lineage": "374bf4f1-c486-50dc-28c0-e5dea092ebc6",
  "outputs": {},
  "resources": [
    {
      "mode": "managed",
      "type": "yandex_compute_instance",
      "name": "jenkins-agent",
      "provider": "provider[\"registry.terraform.io/yandex-cloud/yandex\"]",
      "instances": [
        {
          "schema_version": 1,
          "attributes": {
            "allow_recreate": null,
            "allow_stopping_for_update": null,
            "boot_disk": [
              {
                "auto_delete": true,
                "device_name": "fhmm9cdvaesc95uvttfk",
                "disk_id": "fhmm9cdvaesc95uvttfk",
                "initialize_params": [
                  {
                    "block_size": 4096,
                    "description": "",
                    "image_id": "fd874d4jo8jbroqs6d7i",
                    "name": "",
                    "size": 10,
                    "snapshot_id": "",
                    "type": "network-hdd"
                  }
                ],
                "mode": "READ_WRITE"
              }
            ],
            "created_at": "2024-09-29T17:23:26Z",
            "description": "",
            "filesystem": [],
            "folder_id": "b1gc36q9v49llnddjkvr",
            "fqdn": "fhm8pekk9q366531k0pg.auto.internal",
            "gpu_cluster_id": "",
            "hostname": "",
            "id": "fhm8pekk9q366531k0pg",
            "labels": null,
            "local_disk": [],
            "maintenance_grace_period": "",
            "maintenance_policy": null,
            "metadata": {
              "serial-port-enable": "1",
              "ssh-keys": "ubuntu:ssh-rsa AAAAB3NzaC1yc2EAAAADAQABAAABgQC1vNJQ/lXTUSsT5PdiUrO3IG+taJhcs3KinQ5M8NFXRLK1EPjoBtc6P+TZ29Ux04lfdIdgX68SxxsadIuYWtJVG6UKObwWENjcouAruJF0lxacS4kD6rSvWbtyV41eOo3sKDjWNw61LjeCx7yqffnAp0OMjIFnnJA/75CeWzxWqfHEjxVnV4j/Pf7t2GRe4z4x0jNy8COCKDvWOU7b+qFqRprZwqgW23Dcfh4m9g6gepxRKwYbgeVLmtE3eNz6UJRDJeABbqr/PwSTgJiYdfQil4lTw5bCAGGuX/J38vZlDSh1QRY4cIopLL63O275elGQfkSLwSuHH3BArDk2qCZEjPh7thsQF1bb6etCOPTkPoo0AjOqW/x63q+ZVUZ/Mernb05aKhdCPnfI2c1+NTiRRpmGe2peCAfygYJrtM1ApOz1XehfIAHuT0hS7NOudodihP1/o0mZtYxoUY9asWBZMIGSzmwdISmjVtume/dI/vkhAF9qk0ljCN8ONVUnrh8= ubuntu@netology-ansible\n"
            },
            "metadata_options": [
              {
                "aws_v1_http_endpoint": 1,
                "aws_v1_http_token": 2,
                "gce_http_endpoint": 1,
                "gce_http_token": 1
              }
            ],
            "name": "jenkins-agent",
            "network_acceleration_type": "standard",
            "network_interface": [
              {
                "dns_record": [],
                "index": 0,
                "ip_address": "10.0.1.16",
                "ipv4": true,
                "ipv6": false,
                "ipv6_address": "",
                "ipv6_dns_record": [],
                "mac_address": "d0:0d:8c:ba:94:4e",
                "nat": true,
                "nat_dns_record": [],
                "nat_ip_address": "89.169.140.27",
                "nat_ip_version": "IPV4",
                "security_group_ids": [],
                "subnet_id": "e9brjbdm5naj7qjkrg49"
              }
            ],
            "placement_policy": [
              {
                "host_affinity_rules": [],
                "placement_group_id": "",
                "placement_group_partition": 0
              }
            ],
            "platform_id": "standard-v3",
            "resources": [
              {
                "core_fraction": 20,
                "cores": 4,
                "gpus": 0,
                "memory": 8
              }
            ],
            "scheduling_policy": [
              {
                "preemptible": true
              }
            ],
            "secondary_disk": [],
            "service_account_id": "",
            "status": "running",
            "timeouts": null,
            "zone": "ru-central1-a"
          },
          "sensitive_attributes": [],
          "private": "eyJlMmJmYjczMC1lY2FhLTExZTYtOGY4OC0zNDM2M2JjN2M0YzAiOnsiY3JlYXRlIjozMDAwMDAwMDAwMDAsImRlbGV0ZSI6MzAwMDAwMDAwMDAwLCJ1cGRhdGUiOjMwMDAwMDAwMDAwMH0sInNjaGVtYV92ZXJzaW9uIjoiMSJ9",
          "dependencies": [
            "yandex_vpc_network.develop",
            "yandex_vpc_subnet.develop"
          ]
        }
      ]
    },
    {
      "mode": "managed",
      "type": "yandex_compute_instance",
      "name": "jenkins-master",
      "provider": "provider[\"registry.terraform.io/yandex-cloud/yandex\"]",
      "instances": [
        {
          "schema_version": 1,
          "attributes": {
            "allow_recreate": null,
            "allow_stopping_for_update": null,
            "boot_disk": [
              {
                "auto_delete": true,
                "device_name": "fhm2h0q6vnj65tsrehdh",
                "disk_id": "fhm2h0q6vnj65tsrehdh",
                "initialize_params": [
                  {
                    "block_size": 4096,
                    "description": "",
                    "image_id": "fd874d4jo8jbroqs6d7i",
                    "name": "",
                    "size": 10,
                    "snapshot_id": "",
                    "type": "network-hdd"
                  }
                ],
                "mode": "READ_WRITE"
              }
            ],
            "created_at": "2024-09-29T17:23:26Z",
            "description": "",
            "filesystem": [],
            "folder_id": "b1gc36q9v49llnddjkvr",
            "fqdn": "fhmb4rrn19t9q60fknpc.auto.internal",
            "gpu_cluster_id": "",
            "hostname": "",
            "id": "fhmb4rrn19t9q60fknpc",
            "labels": null,
            "local_disk": [],
            "maintenance_grace_period": "",
            "maintenance_policy": null,
            "metadata": {
              "serial-port-enable": "1",
              "ssh-keys": "ubuntu:ssh-rsa AAAAB3NzaC1yc2EAAAADAQABAAABgQC1vNJQ/lXTUSsT5PdiUrO3IG+taJhcs3KinQ5M8NFXRLK1EPjoBtc6P+TZ29Ux04lfdIdgX68SxxsadIuYWtJVG6UKObwWENjcouAruJF0lxacS4kD6rSvWbtyV41eOo3sKDjWNw61LjeCx7yqffnAp0OMjIFnnJA/75CeWzxWqfHEjxVnV4j/Pf7t2GRe4z4x0jNy8COCKDvWOU7b+qFqRprZwqgW23Dcfh4m9g6gepxRKwYbgeVLmtE3eNz6UJRDJeABbqr/PwSTgJiYdfQil4lTw5bCAGGuX/J38vZlDSh1QRY4cIopLL63O275elGQfkSLwSuHH3BArDk2qCZEjPh7thsQF1bb6etCOPTkPoo0AjOqW/x63q+ZVUZ/Mernb05aKhdCPnfI2c1+NTiRRpmGe2peCAfygYJrtM1ApOz1XehfIAHuT0hS7NOudodihP1/o0mZtYxoUY9asWBZMIGSzmwdISmjVtume/dI/vkhAF9qk0ljCN8ONVUnrh8= ubuntu@netology-ansible\n"
            },
            "metadata_options": [
              {
                "aws_v1_http_endpoint": 1,
                "aws_v1_http_token": 2,
                "gce_http_endpoint": 1,
                "gce_http_token": 1
              }
            ],
            "name": "jenkins-master",
            "network_acceleration_type": "standard",
            "network_interface": [
              {
                "dns_record": [],
                "index": 0,
                "ip_address": "10.0.1.33",
                "ipv4": true,
                "ipv6": false,
                "ipv6_address": "",
                "ipv6_dns_record": [],
                "mac_address": "d0:0d:b2:6f:77:0a",
                "nat": true,
                "nat_dns_record": [],
                "nat_ip_address": "89.169.141.119",
                "nat_ip_version": "IPV4",
                "security_group_ids": [],
                "subnet_id": "e9brjbdm5naj7qjkrg49"
              }
            ],
            "placement_policy": [
              {
                "host_affinity_rules": [],
                "placement_group_id": "",
                "placement_group_partition": 0
              }
            ],
            "platform_id": "standard-v3",
            "resources": [
              {
                "core_fraction": 20,
                "cores": 4,
                "gpus": 0,
                "memory": 8
              }
            ],
            "scheduling_policy": [
              {
                "preemptible": true
              }
            ],
            "secondary_disk": [],
            "service_account_id": "",
            "status": "running",
            "timeouts": null,
            "zone": "ru-central1-a"
          },
          "sensitive_attributes": [],
          "private": "eyJlMmJmYjczMC1lY2FhLTExZTYtOGY4OC0zNDM2M2JjN2M0YzAiOnsiY3JlYXRlIjozMDAwMDAwMDAwMDAsImRlbGV0ZSI6MzAwMDAwMDAwMDAwLCJ1cGRhdGUiOjMwMDAwMDAwMDAwMH0sInNjaGVtYV92ZXJzaW9uIjoiMSJ9",
          "dependencies": [
            "yandex_vpc_network.develop",
            "yandex_vpc_subnet.develop"
          ]
        }
      ]
    },
    {
      "mode": "managed",
      "type": "yandex_vpc_network",
      "name": "develop",
      "provider": "provider[\"registry.terraform.io/yandex-cloud/yandex\"]",
      "instances": [
        {
          "schema_version": 0,
          "attributes": {
            "created_at": "2024-09-29T17:23:23Z",
            "default_security_group_id": "enp8dbimbbmaqmak8oru",
            "description": "",
            "folder_id": "b1gc36q9v49llnddjkvr",
            "id": "enp7ro80q1cnps1knids",
            "labels": {},
            "name": "develop",
            "subnet_ids": [],
            "timeouts": null
          },
          "sensitive_attributes": [],
          "private": "eyJlMmJmYjczMC1lY2FhLTExZTYtOGY4OC0zNDM2M2JjN2M0YzAiOnsiY3JlYXRlIjo2MDAwMDAwMDAwMCwiZGVsZXRlIjo2MDAwMDAwMDAwMCwidXBkYXRlIjo2MDAwMDAwMDAwMH19"
        }
      ]
    },
    {
      "mode": "managed",
      "type": "yandex_vpc_subnet",
      "name": "develop",
      "provider": "provider[\"registry.terraform.io/yandex-cloud/yandex\"]",
      "instances": [
        {
          "schema_version": 0,
          "attributes": {
            "created_at": "2024-09-29T17:23:25Z",
            "description": "",
            "dhcp_options": [],
            "folder_id": "b1gc36q9v49llnddjkvr",
            "id": "e9brjbdm5naj7qjkrg49",
            "labels": {},
            "name": "develop",
            "network_id": "enp7ro80q1cnps1knids",
            "route_table_id": "",
            "timeouts": null,
            "v4_cidr_blocks": [
              "10.0.1.0/24"
            ],
            "v6_cidr_blocks": [],
            "zone": "ru-central1-a"
          },
          "sensitive_attributes": [],
          "private": "eyJlMmJmYjczMC1lY2FhLTExZTYtOGY4OC0zNDM2M2JjN2M0YzAiOnsiY3JlYXRlIjoxODAwMDAwMDAwMDAsImRlbGV0ZSI6MTgwMDAwMDAwMDAwLCJ1cGRhdGUiOjE4MDAwMDAwMDAwMH19",
          "dependencies": [
            "yandex_vpc_network.develop"
          ]
        }
      ]
    }
  ],
  "check_results": null
}
